{
  "object": {
    "pins": [
      {
        "package": "combine-schedulers",
        "repositoryURL": "https://github.com/pointfreeco/combine-schedulers",
        "state": {
          "branch": null,
          "revision": "8eab6ad841ccc420f29f3e77e17e7b260841b50a",
          "version": "0.2.0"
        }
      },
      {
        "package": "Defaults",
        "repositoryURL": "https://github.com/sindresorhus/Defaults",
        "state": {
          "branch": null,
          "revision": "d98119fee49c893fae553103a8659ffe003b6cfe",
          "version": "4.1.0"
        }
      },
      {
        "package": "Preferences",
        "repositoryURL": "https://github.com/sindresorhus/Preferences",
        "state": {
          "branch": null,
          "revision": "ad69881dc060cd590d3edfb84c7cc444d87e280a",
          "version": "2.1.0"
        }
      },
      {
        "package": "swift-composable-architecture",
        "repositoryURL": "https://github.com/pointfreeco/swift-composable-architecture",
        "state": {
          "branch": null,
          "revision": "0fb6c9bfc306e39dc750786edf28a4a77e67749c",
          "version": "0.14.0"
        }
      }
    ]
  },
  "version": 1
}
